
Microsoft Visual Studio Solution File, Format Version 12.00
# Visual Studio Version 17
VisualStudioVersion = 17.4.33110.190
MinimumVisualStudioVersion = 10.0.40219.1
Project("{2150E333-8FDC-42A3-9474-1A3956D46DE8}") = "Stacks And Queues", "Stacks And Queues", "{796D101E-E85F-43BD-A51B-F993AD14ABE7}"
EndProject
Project("{9A19103F-16F7-4668-BE54-9A1E7A4F7556}") = "01. ReverseInteger", "01. ReverseInteger\01. ReverseInteger.csproj", "{8A4815F4-EA28-4D60-8B08-893AB940632D}"
EndProject
Project("{9A19103F-16F7-4668-BE54-9A1E7A4F7556}") = "02. StackSum", "02. StackSum\02. StackSum.csproj", "{7F030FC7-DB41-4C34-8328-B5AD3CC4E0A2}"
EndProject
Project("{9A19103F-16F7-4668-BE54-9A1E7A4F7556}") = "04. MatchingBrackets", "04. MatchingBrackets\04. MatchingBrackets.csproj", "{1A43B432-A167-4663-9BCA-BBEFE8FFD157}"
EndProject
Project("{9A19103F-16F7-4668-BE54-9A1E7A4F7556}") = "4.1 MatchingBrackets-withSubstring", "4.1 MatchingBrackets-withSubstring\4.1 MatchingBrackets-withSubstring.csproj", "{11BB4348-A03F-45AA-990C-F439A8785AE2}"
EndProject
Project("{9A19103F-16F7-4668-BE54-9A1E7A4F7556}") = "07.HotPotato", "07.HotPotato\07.HotPotato.csproj", "{3F2EF8EC-AA45-4860-8BDB-645DEF71027D}"
EndProject
Project("{9A19103F-16F7-4668-BE54-9A1E7A4F7556}") = "08. TrafficJam", "08. TrafficJam\08. TrafficJam.csproj", "{FE5A4213-4552-42F7-9CE7-67B96F67E847}"
EndProject
Project("{2150E333-8FDC-42A3-9474-1A3956D46DE8}") = "Stacks And Queues - Exercise", "Stacks And Queues - Exercise", "{DAA811C1-4B49-452C-9157-D4391A9E91F7}"
EndProject
Project("{9A19103F-16F7-4668-BE54-9A1E7A4F7556}") = "01. BasicStackOperations", "01. BasicStackOperations\01. BasicStackOperations.csproj", "{C8611354-4E3A-42C1-8E78-3653006AF17D}"
EndProject
Project("{9A19103F-16F7-4668-BE54-9A1E7A4F7556}") = "02. BasicQueueOperations", "02. BasicQueueOperations\02. BasicQueueOperations.csproj", "{AB997BD5-1CA0-4EBE-B430-F5E793C19E42}"
EndProject
Project("{9A19103F-16F7-4668-BE54-9A1E7A4F7556}") = "03. MaximumAndMinimumElement", "03. MaximumAndMinimumElement\03. MaximumAndMinimumElement.csproj", "{B4B163CA-678E-49DB-8B1C-CB087118DA10}"
EndProject
Project("{9A19103F-16F7-4668-BE54-9A1E7A4F7556}") = "04.FastFood", "04.FastFood\04.FastFood.csproj", "{EF4342E9-7308-461B-9C0B-D5B78E2AA6CD}"
EndProject
Project("{9A19103F-16F7-4668-BE54-9A1E7A4F7556}") = "05.FashionBoutique", "05.FashionBoutique\05.FashionBoutique.csproj", "{768131D3-B358-4A30-BDCA-30724DA2C804}"
EndProject
Project("{9A19103F-16F7-4668-BE54-9A1E7A4F7556}") = "06.SongsQueue", "06.SongsQueue\06.SongsQueue.csproj", "{176F638B-3EF8-424E-A3FB-7FEF4AAAAF88}"
EndProject
Project("{9A19103F-16F7-4668-BE54-9A1E7A4F7556}") = "08.BalancedParenthesis", "08.BalancedParenthesis\08.BalancedParenthesis.csproj", "{7F398A2B-A55C-4A0F-86BD-55AD58867F0C}"
EndProject
Project("{9A19103F-16F7-4668-BE54-9A1E7A4F7556}") = "09.SimpleTextEditor", "09.SimpleTextEditor\09.SimpleTextEditor.csproj", "{247687EC-D7EB-4FCA-88C2-EE7D2D6153B6}"
EndProject
Project("{9A19103F-16F7-4668-BE54-9A1E7A4F7556}") = "11.KeyRevolver", "11.KeyRevolver\11.KeyRevolver.csproj", "{2400F884-D321-49EA-8EED-2DDB6471731D}"
EndProject
Project("{2150E333-8FDC-42A3-9474-1A3956D46DE8}") = "Multidimensional Arrays - Exercise", "Multidimensional Arrays - Exercise", "{FA1A3B9C-4F09-40D1-A03E-AFFA17AEC707}"
EndProject
Project("{9A19103F-16F7-4668-BE54-9A1E7A4F7556}") = "01. DiagonalDifference", "01. DiagonalDifference\01. DiagonalDifference.csproj", "{2833CFA0-B093-4ADA-93A2-A5CFD0744C9B}"
EndProject
Project("{9A19103F-16F7-4668-BE54-9A1E7A4F7556}") = "02. SquaresInMatrix", "02. SquaresInMatrix\02. SquaresInMatrix.csproj", "{59242514-3D96-4029-AC8D-BEB937647018}"
EndProject
Project("{9A19103F-16F7-4668-BE54-9A1E7A4F7556}") = "03. MaximalSum", "03. MaximumSum\03. MaximalSum.csproj", "{E8B6155B-0EDB-4E20-B63D-F58E52FDCFC7}"
EndProject
Project("{9A19103F-16F7-4668-BE54-9A1E7A4F7556}") = "04. MatrixShuffling", "04. MatrixShuffling\04. MatrixShuffling.csproj", "{A95DB270-FC68-4851-84B5-2E7709855BBC}"
EndProject
Project("{9A19103F-16F7-4668-BE54-9A1E7A4F7556}") = "06. SnakeMoves", "06. SnakeMoves\06. SnakeMoves.csproj", "{4DE93BD3-062B-48C0-A8D5-C0A114506FBD}"
EndProject
Project("{9A19103F-16F7-4668-BE54-9A1E7A4F7556}") = "06. JaggedArrayManipulator", "06. JaggedArrayManipulator\06. JaggedArrayManipulator.csproj", "{91C98075-AA13-49A4-9DA1-88A59C71FF63}"
EndProject
Project("{FAE04EC0-301F-11D3-BF4B-00C04F79EFBC}") = "07. KnightGame", "07. KnightGame\07. KnightGame.csproj", "{F0C14965-0AB9-4A41-9F15-EEE2D3CB0D85}"
EndProject
Global
	GlobalSection(SolutionConfigurationPlatforms) = preSolution
		Debug|Any CPU = Debug|Any CPU
		Release|Any CPU = Release|Any CPU
	EndGlobalSection
	GlobalSection(ProjectConfigurationPlatforms) = postSolution
		{8A4815F4-EA28-4D60-8B08-893AB940632D}.Debug|Any CPU.ActiveCfg = Debug|Any CPU
		{8A4815F4-EA28-4D60-8B08-893AB940632D}.Debug|Any CPU.Build.0 = Debug|Any CPU
		{8A4815F4-EA28-4D60-8B08-893AB940632D}.Release|Any CPU.ActiveCfg = Release|Any CPU
		{8A4815F4-EA28-4D60-8B08-893AB940632D}.Release|Any CPU.Build.0 = Release|Any CPU
		{7F030FC7-DB41-4C34-8328-B5AD3CC4E0A2}.Debug|Any CPU.ActiveCfg = Debug|Any CPU
		{7F030FC7-DB41-4C34-8328-B5AD3CC4E0A2}.Debug|Any CPU.Build.0 = Debug|Any CPU
		{7F030FC7-DB41-4C34-8328-B5AD3CC4E0A2}.Release|Any CPU.ActiveCfg = Release|Any CPU
		{7F030FC7-DB41-4C34-8328-B5AD3CC4E0A2}.Release|Any CPU.Build.0 = Release|Any CPU
		{1A43B432-A167-4663-9BCA-BBEFE8FFD157}.Debug|Any CPU.ActiveCfg = Debug|Any CPU
		{1A43B432-A167-4663-9BCA-BBEFE8FFD157}.Debug|Any CPU.Build.0 = Debug|Any CPU
		{1A43B432-A167-4663-9BCA-BBEFE8FFD157}.Release|Any CPU.ActiveCfg = Release|Any CPU
		{1A43B432-A167-4663-9BCA-BBEFE8FFD157}.Release|Any CPU.Build.0 = Release|Any CPU
		{11BB4348-A03F-45AA-990C-F439A8785AE2}.Debug|Any CPU.ActiveCfg = Debug|Any CPU
		{11BB4348-A03F-45AA-990C-F439A8785AE2}.Debug|Any CPU.Build.0 = Debug|Any CPU
		{11BB4348-A03F-45AA-990C-F439A8785AE2}.Release|Any CPU.ActiveCfg = Release|Any CPU
		{11BB4348-A03F-45AA-990C-F439A8785AE2}.Release|Any CPU.Build.0 = Release|Any CPU
		{3F2EF8EC-AA45-4860-8BDB-645DEF71027D}.Debug|Any CPU.ActiveCfg = Debug|Any CPU
		{3F2EF8EC-AA45-4860-8BDB-645DEF71027D}.Debug|Any CPU.Build.0 = Debug|Any CPU
		{3F2EF8EC-AA45-4860-8BDB-645DEF71027D}.Release|Any CPU.ActiveCfg = Release|Any CPU
		{3F2EF8EC-AA45-4860-8BDB-645DEF71027D}.Release|Any CPU.Build.0 = Release|Any CPU
		{FE5A4213-4552-42F7-9CE7-67B96F67E847}.Debug|Any CPU.ActiveCfg = Debug|Any CPU
		{FE5A4213-4552-42F7-9CE7-67B96F67E847}.Debug|Any CPU.Build.0 = Debug|Any CPU
		{FE5A4213-4552-42F7-9CE7-67B96F67E847}.Release|Any CPU.ActiveCfg = Release|Any CPU
		{FE5A4213-4552-42F7-9CE7-67B96F67E847}.Release|Any CPU.Build.0 = Release|Any CPU
		{C8611354-4E3A-42C1-8E78-3653006AF17D}.Debug|Any CPU.ActiveCfg = Debug|Any CPU
		{C8611354-4E3A-42C1-8E78-3653006AF17D}.Debug|Any CPU.Build.0 = Debug|Any CPU
		{C8611354-4E3A-42C1-8E78-3653006AF17D}.Release|Any CPU.ActiveCfg = Release|Any CPU
		{C8611354-4E3A-42C1-8E78-3653006AF17D}.Release|Any CPU.Build.0 = Release|Any CPU
		{AB997BD5-1CA0-4EBE-B430-F5E793C19E42}.Debug|Any CPU.ActiveCfg = Debug|Any CPU
		{AB997BD5-1CA0-4EBE-B430-F5E793C19E42}.Debug|Any CPU.Build.0 = Debug|Any CPU
		{AB997BD5-1CA0-4EBE-B430-F5E793C19E42}.Release|Any CPU.ActiveCfg = Release|Any CPU
		{AB997BD5-1CA0-4EBE-B430-F5E793C19E42}.Release|Any CPU.Build.0 = Release|Any CPU
		{B4B163CA-678E-49DB-8B1C-CB087118DA10}.Debug|Any CPU.ActiveCfg = Debug|Any CPU
		{B4B163CA-678E-49DB-8B1C-CB087118DA10}.Debug|Any CPU.Build.0 = Debug|Any CPU
		{B4B163CA-678E-49DB-8B1C-CB087118DA10}.Release|Any CPU.ActiveCfg = Release|Any CPU
		{B4B163CA-678E-49DB-8B1C-CB087118DA10}.Release|Any CPU.Build.0 = Release|Any CPU
		{EF4342E9-7308-461B-9C0B-D5B78E2AA6CD}.Debug|Any CPU.ActiveCfg = Debug|Any CPU
		{EF4342E9-7308-461B-9C0B-D5B78E2AA6CD}.Debug|Any CPU.Build.0 = Debug|Any CPU
		{EF4342E9-7308-461B-9C0B-D5B78E2AA6CD}.Release|Any CPU.ActiveCfg = Release|Any CPU
		{EF4342E9-7308-461B-9C0B-D5B78E2AA6CD}.Release|Any CPU.Build.0 = Release|Any CPU
		{768131D3-B358-4A30-BDCA-30724DA2C804}.Debug|Any CPU.ActiveCfg = Debug|Any CPU
		{768131D3-B358-4A30-BDCA-30724DA2C804}.Debug|Any CPU.Build.0 = Debug|Any CPU
		{768131D3-B358-4A30-BDCA-30724DA2C804}.Release|Any CPU.ActiveCfg = Release|Any CPU
		{768131D3-B358-4A30-BDCA-30724DA2C804}.Release|Any CPU.Build.0 = Release|Any CPU
		{176F638B-3EF8-424E-A3FB-7FEF4AAAAF88}.Debug|Any CPU.ActiveCfg = Debug|Any CPU
		{176F638B-3EF8-424E-A3FB-7FEF4AAAAF88}.Debug|Any CPU.Build.0 = Debug|Any CPU
		{176F638B-3EF8-424E-A3FB-7FEF4AAAAF88}.Release|Any CPU.ActiveCfg = Release|Any CPU
		{176F638B-3EF8-424E-A3FB-7FEF4AAAAF88}.Release|Any CPU.Build.0 = Release|Any CPU
		{7F398A2B-A55C-4A0F-86BD-55AD58867F0C}.Debug|Any CPU.ActiveCfg = Debug|Any CPU
		{7F398A2B-A55C-4A0F-86BD-55AD58867F0C}.Debug|Any CPU.Build.0 = Debug|Any CPU
		{7F398A2B-A55C-4A0F-86BD-55AD58867F0C}.Release|Any CPU.ActiveCfg = Release|Any CPU
		{7F398A2B-A55C-4A0F-86BD-55AD58867F0C}.Release|Any CPU.Build.0 = Release|Any CPU
		{247687EC-D7EB-4FCA-88C2-EE7D2D6153B6}.Debug|Any CPU.ActiveCfg = Debug|Any CPU
		{247687EC-D7EB-4FCA-88C2-EE7D2D6153B6}.Debug|Any CPU.Build.0 = Debug|Any CPU
		{247687EC-D7EB-4FCA-88C2-EE7D2D6153B6}.Release|Any CPU.ActiveCfg = Release|Any CPU
		{247687EC-D7EB-4FCA-88C2-EE7D2D6153B6}.Release|Any CPU.Build.0 = Release|Any CPU
		{2400F884-D321-49EA-8EED-2DDB6471731D}.Debug|Any CPU.ActiveCfg = Debug|Any CPU
		{2400F884-D321-49EA-8EED-2DDB6471731D}.Debug|Any CPU.Build.0 = Debug|Any CPU
		{2400F884-D321-49EA-8EED-2DDB6471731D}.Release|Any CPU.ActiveCfg = Release|Any CPU
		{2400F884-D321-49EA-8EED-2DDB6471731D}.Release|Any CPU.Build.0 = Release|Any CPU
		{2833CFA0-B093-4ADA-93A2-A5CFD0744C9B}.Debug|Any CPU.ActiveCfg = Debug|Any CPU
		{2833CFA0-B093-4ADA-93A2-A5CFD0744C9B}.Debug|Any CPU.Build.0 = Debug|Any CPU
		{2833CFA0-B093-4ADA-93A2-A5CFD0744C9B}.Release|Any CPU.ActiveCfg = Release|Any CPU
		{2833CFA0-B093-4ADA-93A2-A5CFD0744C9B}.Release|Any CPU.Build.0 = Release|Any CPU
		{59242514-3D96-4029-AC8D-BEB937647018}.Debug|Any CPU.ActiveCfg = Debug|Any CPU
		{59242514-3D96-4029-AC8D-BEB937647018}.Debug|Any CPU.Build.0 = Debug|Any CPU
		{59242514-3D96-4029-AC8D-BEB937647018}.Release|Any CPU.ActiveCfg = Release|Any CPU
		{59242514-3D96-4029-AC8D-BEB937647018}.Release|Any CPU.Build.0 = Release|Any CPU
		{E8B6155B-0EDB-4E20-B63D-F58E52FDCFC7}.Debug|Any CPU.ActiveCfg = Debug|Any CPU
		{E8B6155B-0EDB-4E20-B63D-F58E52FDCFC7}.Debug|Any CPU.Build.0 = Debug|Any CPU
		{E8B6155B-0EDB-4E20-B63D-F58E52FDCFC7}.Release|Any CPU.ActiveCfg = Release|Any CPU
		{E8B6155B-0EDB-4E20-B63D-F58E52FDCFC7}.Release|Any CPU.Build.0 = Release|Any CPU
		{A95DB270-FC68-4851-84B5-2E7709855BBC}.Debug|Any CPU.ActiveCfg = Debug|Any CPU
		{A95DB270-FC68-4851-84B5-2E7709855BBC}.Debug|Any CPU.Build.0 = Debug|Any CPU
		{A95DB270-FC68-4851-84B5-2E7709855BBC}.Release|Any CPU.ActiveCfg = Release|Any CPU
		{A95DB270-FC68-4851-84B5-2E7709855BBC}.Release|Any CPU.Build.0 = Release|Any CPU
		{4DE93BD3-062B-48C0-A8D5-C0A114506FBD}.Debug|Any CPU.ActiveCfg = Debug|Any CPU
		{4DE93BD3-062B-48C0-A8D5-C0A114506FBD}.Debug|Any CPU.Build.0 = Debug|Any CPU
		{4DE93BD3-062B-48C0-A8D5-C0A114506FBD}.Release|Any CPU.ActiveCfg = Release|Any CPU
		{4DE93BD3-062B-48C0-A8D5-C0A114506FBD}.Release|Any CPU.Build.0 = Release|Any CPU
		{91C98075-AA13-49A4-9DA1-88A59C71FF63}.Debug|Any CPU.ActiveCfg = Debug|Any CPU
		{91C98075-AA13-49A4-9DA1-88A59C71FF63}.Debug|Any CPU.Build.0 = Debug|Any CPU
		{91C98075-AA13-49A4-9DA1-88A59C71FF63}.Release|Any CPU.ActiveCfg = Release|Any CPU
		{91C98075-AA13-49A4-9DA1-88A59C71FF63}.Release|Any CPU.Build.0 = Release|Any CPU
		{F0C14965-0AB9-4A41-9F15-EEE2D3CB0D85}.Debug|Any CPU.ActiveCfg = Debug|Any CPU
		{F0C14965-0AB9-4A41-9F15-EEE2D3CB0D85}.Debug|Any CPU.Build.0 = Debug|Any CPU
		{F0C14965-0AB9-4A41-9F15-EEE2D3CB0D85}.Release|Any CPU.ActiveCfg = Release|Any CPU
		{F0C14965-0AB9-4A41-9F15-EEE2D3CB0D85}.Release|Any CPU.Build.0 = Release|Any CPU
	EndGlobalSection
	GlobalSection(SolutionProperties) = preSolution
		HideSolutionNode = FALSE
	EndGlobalSection
	GlobalSection(NestedProjects) = preSolution
		{8A4815F4-EA28-4D60-8B08-893AB940632D} = {796D101E-E85F-43BD-A51B-F993AD14ABE7}
		{7F030FC7-DB41-4C34-8328-B5AD3CC4E0A2} = {796D101E-E85F-43BD-A51B-F993AD14ABE7}
		{1A43B432-A167-4663-9BCA-BBEFE8FFD157} = {796D101E-E85F-43BD-A51B-F993AD14ABE7}
		{11BB4348-A03F-45AA-990C-F439A8785AE2} = {796D101E-E85F-43BD-A51B-F993AD14ABE7}
		{3F2EF8EC-AA45-4860-8BDB-645DEF71027D} = {796D101E-E85F-43BD-A51B-F993AD14ABE7}
		{FE5A4213-4552-42F7-9CE7-67B96F67E847} = {796D101E-E85F-43BD-A51B-F993AD14ABE7}
		{C8611354-4E3A-42C1-8E78-3653006AF17D} = {DAA811C1-4B49-452C-9157-D4391A9E91F7}
		{AB997BD5-1CA0-4EBE-B430-F5E793C19E42} = {DAA811C1-4B49-452C-9157-D4391A9E91F7}
		{B4B163CA-678E-49DB-8B1C-CB087118DA10} = {DAA811C1-4B49-452C-9157-D4391A9E91F7}
		{EF4342E9-7308-461B-9C0B-D5B78E2AA6CD} = {DAA811C1-4B49-452C-9157-D4391A9E91F7}
		{768131D3-B358-4A30-BDCA-30724DA2C804} = {DAA811C1-4B49-452C-9157-D4391A9E91F7}
		{176F638B-3EF8-424E-A3FB-7FEF4AAAAF88} = {DAA811C1-4B49-452C-9157-D4391A9E91F7}
		{7F398A2B-A55C-4A0F-86BD-55AD58867F0C} = {DAA811C1-4B49-452C-9157-D4391A9E91F7}
		{247687EC-D7EB-4FCA-88C2-EE7D2D6153B6} = {DAA811C1-4B49-452C-9157-D4391A9E91F7}
		{2400F884-D321-49EA-8EED-2DDB6471731D} = {DAA811C1-4B49-452C-9157-D4391A9E91F7}
		{2833CFA0-B093-4ADA-93A2-A5CFD0744C9B} = {FA1A3B9C-4F09-40D1-A03E-AFFA17AEC707}
		{59242514-3D96-4029-AC8D-BEB937647018} = {FA1A3B9C-4F09-40D1-A03E-AFFA17AEC707}
		{E8B6155B-0EDB-4E20-B63D-F58E52FDCFC7} = {FA1A3B9C-4F09-40D1-A03E-AFFA17AEC707}
		{A95DB270-FC68-4851-84B5-2E7709855BBC} = {FA1A3B9C-4F09-40D1-A03E-AFFA17AEC707}
		{4DE93BD3-062B-48C0-A8D5-C0A114506FBD} = {FA1A3B9C-4F09-40D1-A03E-AFFA17AEC707}
		{91C98075-AA13-49A4-9DA1-88A59C71FF63} = {FA1A3B9C-4F09-40D1-A03E-AFFA17AEC707}
		{F0C14965-0AB9-4A41-9F15-EEE2D3CB0D85} = {FA1A3B9C-4F09-40D1-A03E-AFFA17AEC707}
	EndGlobalSection
	GlobalSection(ExtensibilityGlobals) = postSolution
		SolutionGuid = {5D2E14E1-F7ED-4754-B029-89938EDD7C5B}
	EndGlobalSection
EndGlobal
